
Microsoft Visual Studio Solution File, Format Version 12.00
# Visual Studio Version 17
VisualStudioVersion = 17.0.32126.317
MinimumVisualStudioVersion = 10.0.40219.1
Project("{FAE04EC0-301F-11D3-BF4B-00C04F79EFBC}") = "Diamante.Consoleapp", "Diamante.Consoleapp\Diamante.Consoleapp.csproj", "{347417A3-0C3F-4EA3-A86D-8BA06C4357E1}"
EndProject
Global
	GlobalSection(SolutionConfigurationPlatforms) = preSolution
		Debug|Any CPU = Debug|Any CPU
		Release|Any CPU = Release|Any CPU
	EndGlobalSection
	GlobalSection(ProjectConfigurationPlatforms) = postSolution
		{347417A3-0C3F-4EA3-A86D-8BA06C4357E1}.Debug|Any CPU.ActiveCfg = Debug|Any CPU
		{347417A3-0C3F-4EA3-A86D-8BA06C4357E1}.Debug|Any CPU.Build.0 = Debug|Any CPU
		{347417A3-0C3F-4EA3-A86D-8BA06C4357E1}.Release|Any CPU.ActiveCfg = Release|Any CPU
		{347417A3-0C3F-4EA3-A86D-8BA06C4357E1}.Release|Any CPU.Build.0 = Release|Any CPU
	EndGlobalSection
	GlobalSection(SolutionProperties) = preSolution
		HideSolutionNode = FALSE
	EndGlobalSection
	GlobalSection(ExtensibilityGlobals) = postSolution
		SolutionGuid = {25D61E95-A7D5-419F-BC69-7B061A0A9229}
	EndGlobalSection
EndGlobal
